{
  "name": "search-helper",
  "version": "1.0.0",
  "lockfileVersion": 3,
  "requires": true,
  "packages": {
    "": {
      "name": "search-helper",
      "version": "1.0.0",
      "license": "ISC",
      "dependencies": {
        "@fortawesome/free-regular-svg-icons": "^6.2.1"
      }
    },
    "node_modules/@fortawesome/fontawesome-common-types": {
      "version": "6.2.1",
      "resolved": "https://registry.npmjs.org/@fortawesome/fontawesome-common-types/-/fontawesome-common-types-6.2.1.tgz",
      "integrity": "sha512-Sz07mnQrTekFWLz5BMjOzHl/+NooTdW8F8kDQxjWwbpOJcnoSg4vUDng8d/WR1wOxM0O+CY9Zw0nR054riNYtQ==",
      "hasInstallScript": true,
      "engines": {
        "node": ">=6"
      }
    },
    "node_modules/@fortawesome/free-regular-svg-icons": {
      "version": "6.2.1",
      "resolved": "https://registry.npmjs.org/@fortawesome/free-regular-svg-icons/-/free-regular-svg-icons-6.2.1.tgz",
      "integrity": "sha512-wiqcNDNom75x+pe88FclpKz7aOSqS2lOivZeicMV5KRwOAeypxEYWAK/0v+7r+LrEY30+qzh8r2XDaEHvoLsMA==",
      "hasInstallScript": true,
      "dependencies": {
        "@fortawesome/fontawesome-common-types": "6.2.1"
      },
      "engines": {
        "node": ">=6"
      }
    }
  }
}
